# This file is automatically @generated by pesde.
# It is not intended for manual editing.
format = 2
name = "magic/starknet_luau"
version = "0.1.0"
target = "roblox"

[graph."wally#evaera/promise@3.2.1 roblox"]
direct = ["Promise", { wally = "wally#evaera/promise", version = "^3.1.0", index = "default" }, "standard"]

[graph."wally#evaera/promise@3.2.1 roblox".pkg_ref]
ref_ty = "wally"
index_url = "https://github.com/UpliftGames/wally-index"
